
Microsoft Visual Studio Solution File, Format Version 12.00
# Visual Studio Version 16
VisualStudioVersion = 16.0.30804.86
MinimumVisualStudioVersion = 10.0.40219.1
Project("{FAE04EC0-301F-11D3-BF4B-00C04F79EFBC}") = "HelloWorld_IP01", "HelloWorld_IP01.csproj", "{44775400-EE61-4BFF-B292-40D6D74C3CB3}"
EndProject
Global
	GlobalSection(SolutionConfigurationPlatforms) = preSolution
		Debug|Any CPU = Debug|Any CPU
		Release|Any CPU = Release|Any CPU
	EndGlobalSection
	GlobalSection(ProjectConfigurationPlatforms) = postSolution
		{44775400-EE61-4BFF-B292-40D6D74C3CB3}.Debug|Any CPU.ActiveCfg = Debug|Any CPU
		{44775400-EE61-4BFF-B292-40D6D74C3CB3}.Debug|Any CPU.Build.0 = Debug|Any CPU
		{44775400-EE61-4BFF-B292-40D6D74C3CB3}.Release|Any CPU.ActiveCfg = Release|Any CPU
		{44775400-EE61-4BFF-B292-40D6D74C3CB3}.Release|Any CPU.Build.0 = Release|Any CPU
	EndGlobalSection
	GlobalSection(SolutionProperties) = preSolution
		HideSolutionNode = FALSE
	EndGlobalSection
	GlobalSection(ExtensibilityGlobals) = postSolution
		SolutionGuid = {27954FEF-95DB-4520-80C9-9BA37673E405}
	EndGlobalSection
EndGlobal
